// !$*UTF8*$!
{
	archiveVersion = 1;
	classes = {
	};
	objectVersion = 77;
	objects = {

/* Begin PBXBuildFile section */
		042B408062CD8FD467D098E0 /* PageIndicatorExample.swift in Sources */ = {isa = PBXBuildFile; fileRef = EFD4AC480AC7013D263B9E95 /* PageIndicatorExample.swift */; };
		047822D6720CE3A9B3F0D39B /* LumiKitCore in Frameworks */ = {isa = PBXBuildFile; productRef = 0734FD4EE7A0A0B9E60447E6 /* LumiKitCore */; };
		0636956E679EC58792D027E0 /* ActionTileExample.swift in Sources */ = {isa = PBXBuildFile; fileRef = 5A190A1DEE13F79AB9AF032A /* ActionTileExample.swift */; };
		098008214180E46BBD4C12ED /* FadeExample.swift in Sources */ = {isa = PBXBuildFile; fileRef = 330B6FB19C2616C63E297548 /* FadeExample.swift */; };
		0AE55C95C5092BCAFBF5B8CE /* PhotoButtonCopyableLabelExample.swift in Sources */ = {isa = PBXBuildFile; fileRef = B9CB8FD3E04530697699A707 /* PhotoButtonCopyableLabelExample.swift */; };
		0BBD4E92093D791080672A25 /* EnumPickerExample.swift in Sources */ = {isa = PBXBuildFile; fileRef = D5444D56D7A6518BA9853972 /* EnumPickerExample.swift */; };
		1965DCD9EC56016DB57C901D /* TextViewExample.swift in Sources */ = {isa = PBXBuildFile; fileRef = CFBCAFA23DB450BB379BE1E8 /* TextViewExample.swift */; };
		1B4E8B4A3D5B8C0D87B50FB0 /* ProgressExample.swift in Sources */ = {isa = PBXBuildFile; fileRef = 21A598445434168C83367012 /* ProgressExample.swift */; };
		1DA02EC5CDF459D6CD14B540 /* DeviceDisplayExample.swift in Sources */ = {isa = PBXBuildFile; fileRef = 43E74F9E46083AD129057164 /* DeviceDisplayExample.swift */; };
		21FADE7A431E99C689E22BCD /* ExampleViewController.swift in Sources */ = {isa = PBXBuildFile; fileRef = 9B50227ABA29034C8561A94D /* ExampleViewController.swift */; };
		22C56DB952D95C22A4EFA931 /* LumiKitUI in Frameworks */ = {isa = PBXBuildFile; productRef = 2F68DA943A7AC838DB04D706 /* LumiKitUI */; };
		27C95E01A063C1DB71F01A66 /* KeyboardDismissExample.swift in Sources */ = {isa = PBXBuildFile; fileRef = F1D6D6C6C0A5813628B3F851 /* KeyboardDismissExample.swift */; };
		2BF2259AC5DC25989F472BF6 /* DetailViewController.swift in Sources */ = {isa = PBXBuildFile; fileRef = F49C587FAE89BA2CD1A5AD20 /* DetailViewController.swift */; };
		2C0494AA545B113364E5E57C /* CardPanelExample.swift in Sources */ = {isa = PBXBuildFile; fileRef = DEFFCC15438B36A4294562E6 /* CardPanelExample.swift */; };
		2C30F61CD61AA95EA8543D19 /* UIColorExample.swift in Sources */ = {isa = PBXBuildFile; fileRef = 9A39D33D32270C4FE92DFFE5 /* UIColorExample.swift */; };
		3632A5EC110F1D27D559F6B9 /* SearchBarExample.swift in Sources */ = {isa = PBXBuildFile; fileRef = AB4FFFE55089BD144420AEED /* SearchBarExample.swift */; };
		38385A0FB4B6A2E52F293577 /* MonthCalendarExample.swift in Sources */ = {isa = PBXBuildFile; fileRef = 8EE00705CDC3AA1C88AC3BBF /* MonthCalendarExample.swift */; };
		420EF6027B1D2DCA1EF2D726 /* PhotoCropExample.swift in Sources */ = {isa = PBXBuildFile; fileRef = 5F78A887D8699A97FEFAD9ED /* PhotoCropExample.swift */; };
		4260186F009492452AC405F5 /* SceneDelegate.swift in Sources */ = {isa = PBXBuildFile; fileRef = DAE7925528F006F31D46E13D /* SceneDelegate.swift */; };
		4CDA679C2A9814942035951C /* LumiKitPhoto in Frameworks */ = {isa = PBXBuildFile; productRef = A1DEB29B422064DFE99D3E9D /* LumiKitPhoto */; };
		508A9B0554A46F1985BFF767 /* PickCropExample.swift in Sources */ = {isa = PBXBuildFile; fileRef = 531FF0DBD93E9EA01280D1AF /* PickCropExample.swift */; };
		554531DDC48256D9293F2448 /* CheckboxRatingExample.swift in Sources */ = {isa = PBXBuildFile; fileRef = 59F3289FD12C58B870584572 /* CheckboxRatingExample.swift */; };
		59417E8E774B88343CD0BC12 /* OverscrollFooterExample.swift in Sources */ = {isa = PBXBuildFile; fileRef = F260BC854A51B38683255D65 /* OverscrollFooterExample.swift */; };
		640FE6428684B2C78FFDB3A2 /* TypographyExample.swift in Sources */ = {isa = PBXBuildFile; fileRef = F845022971944A2A92E557C9 /* TypographyExample.swift */; };
		65B4FCFE009B9938753DB34D /* ExampleAccessibilityAudit.swift in Sources */ = {isa = PBXBuildFile; fileRef = 5A97FFA9B861948008EB12C4 /* ExampleAccessibilityAudit.swift */; };
		6CEDF2F38946A335378A9F59 /* DatePickerExample.swift in Sources */ = {isa = PBXBuildFile; fileRef = 8988C81D3F580065FD86E857 /* DatePickerExample.swift */; };
		6D4C2DC0E33680CFC2B030EE /* HapticsExample.swift in Sources */ = {isa = PBXBuildFile; fileRef = 746F36EDE3584F3FEB1A88AE /* HapticsExample.swift */; };
		6E4D31CFE78CBFFE3AAEDA62 /* ButtonToggleExample.swift in Sources */ = {isa = PBXBuildFile; fileRef = 124196BE93AAE639027BEEE2 /* ButtonToggleExample.swift */; };
		721C8BE94FC64C79378BEFB3 /* QRCodeExample.swift in Sources */ = {isa = PBXBuildFile; fileRef = 41B6D70320AC8C4B106226A1 /* QRCodeExample.swift */; };
		72FB6B57229401E25992DF43 /* HighlightExample.swift in Sources */ = {isa = PBXBuildFile; fileRef = 9E432F08774E14D6C246EAD3 /* HighlightExample.swift */; };
		772FF8C27BCDAB5F98A70EC4 /* NetworkHistoryExample.swift in Sources */ = {isa = PBXBuildFile; fileRef = B7EBD33EC69029F5653CC1B6 /* NetworkHistoryExample.swift */; };
		7740A32BA2C153BABDF0EECC /* TabBarExample.swift in Sources */ = {isa = PBXBuildFile; fileRef = 3469DCFC5DD9066D2E9E3097 /* TabBarExample.swift */; };
		799480E026381D6DBEF8BB02 /* ImageUtilitiesExample.swift in Sources */ = {isa = PBXBuildFile; fileRef = B097C62062EE754A597BCC53 /* ImageUtilitiesExample.swift */; };
		7A4157319AF27CCDC5F677DD /* NavigationControllerExample.swift in Sources */ = {isa = PBXBuildFile; fileRef = 895E2D556014AD52CF32CDBF /* NavigationControllerExample.swift */; };
		801B0127CFE02AA1BFEEABC2 /* PhotoGridExample.swift in Sources */ = {isa = PBXBuildFile; fileRef = DCF0C096C918EDB6AC60C91E /* PhotoGridExample.swift */; };
		806DD15F94CE145714A03AF4 /* RefreshControlExample.swift in Sources */ = {isa = PBXBuildFile; fileRef = 80408C20809A4BF5FEC3E724 /* RefreshControlExample.swift */; };
		862DF1FF726073B7A8247233 /* SegmentedControlExample.swift in Sources */ = {isa = PBXBuildFile; fileRef = F37BAE652CEDBCFFF3A1F7AF /* SegmentedControlExample.swift */; };
		880C1D37E2AFFDA4D4F2E174 /* AppDelegate.swift in Sources */ = {isa = PBXBuildFile; fileRef = 1035AED8A1327983D40EA2F6 /* AppDelegate.swift */; };
		8C84C02A5AA9423530D55D69 /* ReadableWidthExample.swift in Sources */ = {isa = PBXBuildFile; fileRef = 3394B7EF83F4F09B63903239 /* ReadableWidthExample.swift */; };
		8D8E269995CCBE3CD3144333 /* ColorsExample.swift in Sources */ = {isa = PBXBuildFile; fileRef = 13F4DAB8C7D0F9A91CF407AB /* ColorsExample.swift */; };
		8F00B1F8FBAE6A036C6A062A /* DominantColorExample.swift in Sources */ = {isa = PBXBuildFile; fileRef = A77CE100E3D5039A9061B83A /* DominantColorExample.swift */; };
		97D5ECD4A034B62FA9335F5E /* ExampleLaunchOptions.swift in Sources */ = {isa = PBXBuildFile; fileRef = 0F7F37CFA444807A545F79C0 /* ExampleLaunchOptions.swift */; };
		9868A261D62C1F517D8C872B /* EmptyStateExample.swift in Sources */ = {isa = PBXBuildFile; fileRef = 02A879BD9F1C31556C253BCD /* EmptyStateExample.swift */; };
		9C8DBF69C5F0854003599522 /* PhotoBrowserExample.swift in Sources */ = {isa = PBXBuildFile; fileRef = F9181174D2D54521920EE56C /* PhotoBrowserExample.swift */; };
		9E26C9C5E10A687E32753ED7 /* ShareExample.swift in Sources */ = {isa = PBXBuildFile; fileRef = 2E5762FD07D5AD709CD18012 /* ShareExample.swift */; };
		A1759DA384CF708FA587B4B1 /* GlassExample.swift in Sources */ = {isa = PBXBuildFile; fileRef = 7BB869A3128EA815CC8C5165 /* GlassExample.swift */; };
		A25E1C12D8EA3DE5CDF9D566 /* BorderExample.swift in Sources */ = {isa = PBXBuildFile; fileRef = 6914AA25965C21D62F83962B /* BorderExample.swift */; };
		A2741F7FFA6687E88D9F7CA7 /* CardPageExample.swift in Sources */ = {isa = PBXBuildFile; fileRef = 48BE980555CF67F50F747A81 /* CardPageExample.swift */; };
		A2FF711ECC5F404CAA663B56 /* SliderExample.swift in Sources */ = {isa = PBXBuildFile; fileRef = 19CCF9F7A8D5A7D8CEC8737E /* SliderExample.swift */; };
		A3F57BD0FD2C2792F04D690B /* GradientExample.swift in Sources */ = {isa = PBXBuildFile; fileRef = 569C2FD97680688AA9558B48 /* GradientExample.swift */; };
		A4EFC3AEBFBE25DAC25BC238 /* LumiKitDebug in Frameworks */ = {isa = PBXBuildFile; productRef = 59CFC77C4E33F266FA3913A2 /* LumiKitDebug */; };
		A74A67E677F7E52B0926BA4F /* DetailCardsExample.swift in Sources */ = {isa = PBXBuildFile; fileRef = 204F1A05D1AFF859E357B50C /* DetailCardsExample.swift */; };
		A7E7C0EB6C4558B0735DEA15 /* SwitchExample.swift in Sources */ = {isa = PBXBuildFile; fileRef = 17E7694091FF9EE701354BD7 /* SwitchExample.swift */; };
		A943E70DDEF52A71C763178D /* FilterChipBarExample.swift in Sources */ = {isa = PBXBuildFile; fileRef = 55AC509BC86A1DD4110A06F7 /* FilterChipBarExample.swift */; };
		A9B7FFB465ADD411C32BA792 /* DateFormattingExample.swift in Sources */ = {isa = PBXBuildFile; fileRef = 94B406D89C36A21EF3BF35D9 /* DateFormattingExample.swift */; };
		AE1879706BC226803F4B0D61 /* FloatingButtonExample.swift in Sources */ = {isa = PBXBuildFile; fileRef = 36095F38827D121CBC436B3D /* FloatingButtonExample.swift */; };
		AED0CBCF06783C5BBCDD4F67 /* ExampleTheme.swift in Sources */ = {isa = PBXBuildFile; fileRef = 2E83041427958D614AB1C07D /* ExampleTheme.swift */; };
		AF764BD61FDD0E6CC1D83566 /* LumiKitLottie in Frameworks */ = {isa = PBXBuildFile; productRef = 3A5DB31C1485882D984D3686 /* LumiKitLottie */; };
		B0B21FA36E5D41AACC1B4B34 /* TextFieldExample.swift in Sources */ = {isa = PBXBuildFile; fileRef = 0528E1E671E59F4E172BC082 /* TextFieldExample.swift */; };
		B81B4730DC5DBB752ECEB6FE /* TipViewExample.swift in Sources */ = {isa = PBXBuildFile; fileRef = 56BD2603827601A17F91A8A9 /* TipViewExample.swift */; };
		BA5568C79CE5454D35676F92 /* ExampleCatalog.swift in Sources */ = {isa = PBXBuildFile; fileRef = 05CFB4061E5C8BAC2669CC5C /* ExampleCatalog.swift */; };
		BB50C3AFE3CFDD56E1F010C4 /* Assets.xcassets in Resources */ = {isa = PBXBuildFile; fileRef = F4FEA4A6AC67074774361233 /* Assets.xcassets */; };
		BF4632A7F1E3FD553C5E9EC2 /* InspectorExample.swift in Sources */ = {isa = PBXBuildFile; fileRef = 16EB4138A56B2E004A93A1E7 /* InspectorExample.swift */; };
		C1829D3CA2FEBF113D356C17 /* MenusExample.swift in Sources */ = {isa = PBXBuildFile; fileRef = 13937BE9CF3230F7AC59ECF6 /* MenusExample.swift */; };
		C452F40930C32A87BE5E027C /* ListRowExample.swift in Sources */ = {isa = PBXBuildFile; fileRef = 0EE4E9B93D796135016DBF04 /* ListRowExample.swift */; };
		C490F1DA7154D4ABDDACACA2 /* NavigationBarExample.swift in Sources */ = {isa = PBXBuildFile; fileRef = 02CDAD99F9F5BCABB8C8A8F7 /* NavigationBarExample.swift */; };
		C581FA397C67DA202696B394 /* ExampleSelfSizingTableView.swift in Sources */ = {isa = PBXBuildFile; fileRef = 13D9D0222B3651FEEA67B01A /* ExampleSelfSizingTableView.swift */; };
		C968051FC1426C713375EC1A /* BannerExample.swift in Sources */ = {isa = PBXBuildFile; fileRef = BC3D3234FF507C1C0B4E82D1 /* BannerExample.swift */; };
		CF5A6E1D6FCBB3A7F4C50408 /* CardsExample.swift in Sources */ = {isa = PBXBuildFile; fileRef = 54F2FA870896BC367C0E7589 /* CardsExample.swift */; };
		CFF6C710FFCC039078738113 /* AlertsExample.swift in Sources */ = {isa = PBXBuildFile; fileRef = 7C626180AAB248572A94AE37 /* AlertsExample.swift */; };
		D0802A131CD1493BCB9F618C /* DividerExample.swift in Sources */ = {isa = PBXBuildFile; fileRef = B21C96C14843B25E29792FB8 /* DividerExample.swift */; };
		D0FC86541279ABB3EA0B8000 /* MarkdownExample.swift in Sources */ = {isa = PBXBuildFile; fileRef = AEB9F2532DC1D036B0194A12 /* MarkdownExample.swift */; };
		D42458EE019F6742BB1E8058 /* ToastExample.swift in Sources */ = {isa = PBXBuildFile; fileRef = 5F1F3B7E801001EDC12BACFC /* ToastExample.swift */; };
		D6E575A13179E209B3FE6C0E /* SegmentedPagesExample.swift in Sources */ = {isa = PBXBuildFile; fileRef = D44578D1C33C91A3E941B673 /* SegmentedPagesExample.swift */; };
		D7AB5CA2719F8A71AC6B4BEA /* ExampleSweepProbes.swift in Sources */ = {isa = PBXBuildFile; fileRef = FD00085A2EFED06F2BC1AB9E /* ExampleSweepProbes.swift */; };
		D8A1C12278E82F96330138D6 /* ShadowExample.swift in Sources */ = {isa = PBXBuildFile; fileRef = 66CE4DA7EF66EC7976A1F97E /* ShadowExample.swift */; };
		D91E40EC89F877818AD6EEB1 /* ThemeSwitcherExample.swift in Sources */ = {isa = PBXBuildFile; fileRef = 1F881DEDD6852E8807DF1575 /* ThemeSwitcherExample.swift */; };
		DDB0B41B523A3FAF272DC91C /* BottomSheetExample.swift in Sources */ = {isa = PBXBuildFile; fileRef = 816C1351EA0DAD71AB1EB229 /* BottomSheetExample.swift */; };
		DFBC9B3DCAB11FA83CA825B7 /* CheckboxCellExample.swift in Sources */ = {isa = PBXBuildFile; fileRef = 00DB72D6DC6AF2AE54849E7C /* CheckboxCellExample.swift */; };
		E417D638D3188C57F0BBD5BA /* ExampleSweepRunner.swift in Sources */ = {isa = PBXBuildFile; fileRef = 55A1E675E37A0C65194E82F5 /* ExampleSweepRunner.swift */; };
		E867A154492A06776077B045 /* FormScaffoldExample.swift in Sources */ = {isa = PBXBuildFile; fileRef = B1C106CFBCFFDF6922FBC351 /* FormScaffoldExample.swift */; };
		E8727C3CC28E997E51B377EB /* LoadingStateExample.swift in Sources */ = {isa = PBXBuildFile; fileRef = 8CD8153517C1B7FF33B2F208 /* LoadingStateExample.swift */; };
		F13BC1EAAC960D19CB4EEBFE /* ChipsExample.swift in Sources */ = {isa = PBXBuildFile; fileRef = 88DAB8E318EBC2E5F2E18B5A /* ChipsExample.swift */; };
		F40950500406FD514B3F1A40 /* BadgesExample.swift in Sources */ = {isa = PBXBuildFile; fileRef = ED29ED929C94E4A41551876A /* BadgesExample.swift */; };
		F9AAC4CBB7EEA57E0169D368 /* ButtonsExample.swift in Sources */ = {isa = PBXBuildFile; fileRef = F062741D980A5749A057A10B /* ButtonsExample.swift */; };
		FD8E4E4B7466DE36FCE1B983 /* ActionSheetExample.swift in Sources */ = {isa = PBXBuildFile; fileRef = E9B4BFDF79F516316CE8D1C0 /* ActionSheetExample.swift */; };
/* End PBXBuildFile section */

/* Begin PBXFileReference section */
		00DB72D6DC6AF2AE54849E7C /* CheckboxCellExample.swift */ = {isa = PBXFileReference; lastKnownFileType = sourcecode.swift; path = CheckboxCellExample.swift; sourceTree = "<group>"; };
		02A879BD9F1C31556C253BCD /* EmptyStateExample.swift */ = {isa = PBXFileReference; lastKnownFileType = sourcecode.swift; path = EmptyStateExample.swift; sourceTree = "<group>"; };
		02CDAD99F9F5BCABB8C8A8F7 /* NavigationBarExample.swift */ = {isa = PBXFileReference; lastKnownFileType = sourcecode.swift; path = NavigationBarExample.swift; sourceTree = "<group>"; };
		0528E1E671E59F4E172BC082 /* TextFieldExample.swift */ = {isa = PBXFileReference; lastKnownFileType = sourcecode.swift; path = TextFieldExample.swift; sourceTree = "<group>"; };
		05CFB4061E5C8BAC2669CC5C /* ExampleCatalog.swift */ = {isa = PBXFileReference; lastKnownFileType = sourcecode.swift; path = ExampleCatalog.swift; sourceTree = "<group>"; };
		0C01ADD96E8B682AB888384E /* LumiKit */ = {isa = PBXFileReference; lastKnownFileType = folder; name = LumiKit; path = ..; sourceTree = SOURCE_ROOT; };
		0EE4E9B93D796135016DBF04 /* ListRowExample.swift */ = {isa = PBXFileReference; lastKnownFileType = sourcecode.swift; path = ListRowExample.swift; sourceTree = "<group>"; };
		0F7F37CFA444807A545F79C0 /* ExampleLaunchOptions.swift */ = {isa = PBXFileReference; lastKnownFileType = sourcecode.swift; path = ExampleLaunchOptions.swift; sourceTree = "<group>"; };
		1035AED8A1327983D40EA2F6 /* AppDelegate.swift */ = {isa = PBXFileReference; lastKnownFileType = sourcecode.swift; path = AppDelegate.swift; sourceTree = "<group>"; };
		124196BE93AAE639027BEEE2 /* ButtonToggleExample.swift */ = {isa = PBXFileReference; lastKnownFileType = sourcecode.swift; path = ButtonToggleExample.swift; sourceTree = "<group>"; };
		13937BE9CF3230F7AC59ECF6 /* MenusExample.swift */ = {isa = PBXFileReference; lastKnownFileType = sourcecode.swift; path = MenusExample.swift; sourceTree = "<group>"; };
		13D9D0222B3651FEEA67B01A /* ExampleSelfSizingTableView.swift */ = {isa = PBXFileReference; lastKnownFileType = sourcecode.swift; path = ExampleSelfSizingTableView.swift; sourceTree = "<group>"; };
		13F4DAB8C7D0F9A91CF407AB /* ColorsExample.swift */ = {isa = PBXFileReference; lastKnownFileType = sourcecode.swift; path = ColorsExample.swift; sourceTree = "<group>"; };
		16EB4138A56B2E004A93A1E7 /* InspectorExample.swift */ = {isa = PBXFileReference; lastKnownFileType = sourcecode.swift; path = InspectorExample.swift; sourceTree = "<group>"; };
		17E7694091FF9EE701354BD7 /* SwitchExample.swift */ = {isa = PBXFileReference; lastKnownFileType = sourcecode.swift; path = SwitchExample.swift; sourceTree = "<group>"; };
		19CCF9F7A8D5A7D8CEC8737E /* SliderExample.swift */ = {isa = PBXFileReference; lastKnownFileType = sourcecode.swift; path = SliderExample.swift; sourceTree = "<group>"; };
		1F881DEDD6852E8807DF1575 /* ThemeSwitcherExample.swift */ = {isa = PBXFileReference; lastKnownFileType = sourcecode.swift; path = ThemeSwitcherExample.swift; sourceTree = "<group>"; };
		204F1A05D1AFF859E357B50C /* DetailCardsExample.swift */ = {isa = PBXFileReference; lastKnownFileType = sourcecode.swift; path = DetailCardsExample.swift; sourceTree = "<group>"; };
		21A598445434168C83367012 /* ProgressExample.swift */ = {isa = PBXFileReference; lastKnownFileType = sourcecode.swift; path = ProgressExample.swift; sourceTree = "<group>"; };
		2B9C75CF348A9670C0B7CEE4 /* LumiKitExample.app */ = {isa = PBXFileReference; explicitFileType = wrapper.application; includeInIndex = 0; path = LumiKitExample.app; sourceTree = BUILT_PRODUCTS_DIR; };
		2E5762FD07D5AD709CD18012 /* ShareExample.swift */ = {isa = PBXFileReference; lastKnownFileType = sourcecode.swift; path = ShareExample.swift; sourceTree = "<group>"; };
		2E83041427958D614AB1C07D /* ExampleTheme.swift */ = {isa = PBXFileReference; lastKnownFileType = sourcecode.swift; path = ExampleTheme.swift; sourceTree = "<group>"; };
		330B6FB19C2616C63E297548 /* FadeExample.swift */ = {isa = PBXFileReference; lastKnownFileType = sourcecode.swift; path = FadeExample.swift; sourceTree = "<group>"; };
		3394B7EF83F4F09B63903239 /* ReadableWidthExample.swift */ = {isa = PBXFileReference; lastKnownFileType = sourcecode.swift; path = ReadableWidthExample.swift; sourceTree = "<group>"; };
		3469DCFC5DD9066D2E9E3097 /* TabBarExample.swift */ = {isa = PBXFileReference; lastKnownFileType = sourcecode.swift; path = TabBarExample.swift; sourceTree = "<group>"; };
		36095F38827D121CBC436B3D /* FloatingButtonExample.swift */ = {isa = PBXFileReference; lastKnownFileType = sourcecode.swift; path = FloatingButtonExample.swift; sourceTree = "<group>"; };
		41B6D70320AC8C4B106226A1 /* QRCodeExample.swift */ = {isa = PBXFileReference; lastKnownFileType = sourcecode.swift; path = QRCodeExample.swift; sourceTree = "<group>"; };
		43E74F9E46083AD129057164 /* DeviceDisplayExample.swift */ = {isa = PBXFileReference; lastKnownFileType = sourcecode.swift; path = DeviceDisplayExample.swift; sourceTree = "<group>"; };
		48BE980555CF67F50F747A81 /* CardPageExample.swift */ = {isa = PBXFileReference; lastKnownFileType = sourcecode.swift; path = CardPageExample.swift; sourceTree = "<group>"; };
		531FF0DBD93E9EA01280D1AF /* PickCropExample.swift */ = {isa = PBXFileReference; lastKnownFileType = sourcecode.swift; path = PickCropExample.swift; sourceTree = "<group>"; };
		54F2FA870896BC367C0E7589 /* CardsExample.swift */ = {isa = PBXFileReference; lastKnownFileType = sourcecode.swift; path = CardsExample.swift; sourceTree = "<group>"; };
		55A1E675E37A0C65194E82F5 /* ExampleSweepRunner.swift */ = {isa = PBXFileReference; lastKnownFileType = sourcecode.swift; path = ExampleSweepRunner.swift; sourceTree = "<group>"; };
		55AC509BC86A1DD4110A06F7 /* FilterChipBarExample.swift */ = {isa = PBXFileReference; lastKnownFileType = sourcecode.swift; path = FilterChipBarExample.swift; sourceTree = "<group>"; };
		569C2FD97680688AA9558B48 /* GradientExample.swift */ = {isa = PBXFileReference; lastKnownFileType = sourcecode.swift; path = GradientExample.swift; sourceTree = "<group>"; };
		56BD2603827601A17F91A8A9 /* TipViewExample.swift */ = {isa = PBXFileReference; lastKnownFileType = sourcecode.swift; path = TipViewExample.swift; sourceTree = "<group>"; };
		59F3289FD12C58B870584572 /* CheckboxRatingExample.swift */ = {isa = PBXFileReference; lastKnownFileType = sourcecode.swift; path = CheckboxRatingExample.swift; sourceTree = "<group>"; };
		5A190A1DEE13F79AB9AF032A /* ActionTileExample.swift */ = {isa = PBXFileReference; lastKnownFileType = sourcecode.swift; path = ActionTileExample.swift; sourceTree = "<group>"; };
		5A97FFA9B861948008EB12C4 /* ExampleAccessibilityAudit.swift */ = {isa = PBXFileReference; lastKnownFileType = sourcecode.swift; path = ExampleAccessibilityAudit.swift; sourceTree = "<group>"; };
		5F1F3B7E801001EDC12BACFC /* ToastExample.swift */ = {isa = PBXFileReference; lastKnownFileType = sourcecode.swift; path = ToastExample.swift; sourceTree = "<group>"; };
		5F78A887D8699A97FEFAD9ED /* PhotoCropExample.swift */ = {isa = PBXFileReference; lastKnownFileType = sourcecode.swift; path = PhotoCropExample.swift; sourceTree = "<group>"; };
		66CE4DA7EF66EC7976A1F97E /* ShadowExample.swift */ = {isa = PBXFileReference; lastKnownFileType = sourcecode.swift; path = ShadowExample.swift; sourceTree = "<group>"; };
		6914AA25965C21D62F83962B /* BorderExample.swift */ = {isa = PBXFileReference; lastKnownFileType = sourcecode.swift; path = BorderExample.swift; sourceTree = "<group>"; };
		746F36EDE3584F3FEB1A88AE /* HapticsExample.swift */ = {isa = PBXFileReference; lastKnownFileType = sourcecode.swift; path = HapticsExample.swift; sourceTree = "<group>"; };
		7BB869A3128EA815CC8C5165 /* GlassExample.swift */ = {isa = PBXFileReference; lastKnownFileType = sourcecode.swift; path = GlassExample.swift; sourceTree = "<group>"; };
		7C626180AAB248572A94AE37 /* AlertsExample.swift */ = {isa = PBXFileReference; lastKnownFileType = sourcecode.swift; path = AlertsExample.swift; sourceTree = "<group>"; };
		80408C20809A4BF5FEC3E724 /* RefreshControlExample.swift */ = {isa = PBXFileReference; lastKnownFileType = sourcecode.swift; path = RefreshControlExample.swift; sourceTree = "<group>"; };
		816C1351EA0DAD71AB1EB229 /* BottomSheetExample.swift */ = {isa = PBXFileReference; lastKnownFileType = sourcecode.swift; path = BottomSheetExample.swift; sourceTree = "<group>"; };
		88DAB8E318EBC2E5F2E18B5A /* ChipsExample.swift */ = {isa = PBXFileReference; lastKnownFileType = sourcecode.swift; path = ChipsExample.swift; sourceTree = "<group>"; };
		895E2D556014AD52CF32CDBF /* NavigationControllerExample.swift */ = {isa = PBXFileReference; lastKnownFileType = sourcecode.swift; path = NavigationControllerExample.swift; sourceTree = "<group>"; };
		8988C81D3F580065FD86E857 /* DatePickerExample.swift */ = {isa = PBXFileReference; lastKnownFileType = sourcecode.swift; path = DatePickerExample.swift; sourceTree = "<group>"; };
		8CD8153517C1B7FF33B2F208 /* LoadingStateExample.swift */ = {isa = PBXFileReference; lastKnownFileType = sourcecode.swift; path = LoadingStateExample.swift; sourceTree = "<group>"; };
		8EE00705CDC3AA1C88AC3BBF /* MonthCalendarExample.swift */ = {isa = PBXFileReference; lastKnownFileType = sourcecode.swift; path = MonthCalendarExample.swift; sourceTree = "<group>"; };
		94B406D89C36A21EF3BF35D9 /* DateFormattingExample.swift */ = {isa = PBXFileReference; lastKnownFileType = sourcecode.swift; path = DateFormattingExample.swift; sourceTree = "<group>"; };
		9A39D33D32270C4FE92DFFE5 /* UIColorExample.swift */ = {isa = PBXFileReference; lastKnownFileType = sourcecode.swift; path = UIColorExample.swift; sourceTree = "<group>"; };
		9B50227ABA29034C8561A94D /* ExampleViewController.swift */ = {isa = PBXFileReference; lastKnownFileType = sourcecode.swift; path = ExampleViewController.swift; sourceTree = "<group>"; };
		9E432F08774E14D6C246EAD3 /* HighlightExample.swift */ = {isa = PBXFileReference; lastKnownFileType = sourcecode.swift; path = HighlightExample.swift; sourceTree = "<group>"; };
		A77CE100E3D5039A9061B83A /* DominantColorExample.swift */ = {isa = PBXFileReference; lastKnownFileType = sourcecode.swift; path = DominantColorExample.swift; sourceTree = "<group>"; };
		AB4FFFE55089BD144420AEED /* SearchBarExample.swift */ = {isa = PBXFileReference; lastKnownFileType = sourcecode.swift; path = SearchBarExample.swift; sourceTree = "<group>"; };
		AEB9F2532DC1D036B0194A12 /* MarkdownExample.swift */ = {isa = PBXFileReference; lastKnownFileType = sourcecode.swift; path = MarkdownExample.swift; sourceTree = "<group>"; };
		B097C62062EE754A597BCC53 /* ImageUtilitiesExample.swift */ = {isa = PBXFileReference; lastKnownFileType = sourcecode.swift; path = ImageUtilitiesExample.swift; sourceTree = "<group>"; };
		B1C106CFBCFFDF6922FBC351 /* FormScaffoldExample.swift */ = {isa = PBXFileReference; lastKnownFileType = sourcecode.swift; path = FormScaffoldExample.swift; sourceTree = "<group>"; };
		B21C96C14843B25E29792FB8 /* DividerExample.swift */ = {isa = PBXFileReference; lastKnownFileType = sourcecode.swift; path = DividerExample.swift; sourceTree = "<group>"; };
		B7EBD33EC69029F5653CC1B6 /* NetworkHistoryExample.swift */ = {isa = PBXFileReference; lastKnownFileType = sourcecode.swift; path = NetworkHistoryExample.swift; sourceTree = "<group>"; };
		B9CB8FD3E04530697699A707 /* PhotoButtonCopyableLabelExample.swift */ = {isa = PBXFileReference; lastKnownFileType = sourcecode.swift; path = PhotoButtonCopyableLabelExample.swift; sourceTree = "<group>"; };
		BC3D3234FF507C1C0B4E82D1 /* BannerExample.swift */ = {isa = PBXFileReference; lastKnownFileType = sourcecode.swift; path = BannerExample.swift; sourceTree = "<group>"; };
		CFBCAFA23DB450BB379BE1E8 /* TextViewExample.swift */ = {isa = PBXFileReference; lastKnownFileType = sourcecode.swift; path = TextViewExample.swift; sourceTree = "<group>"; };
		D44578D1C33C91A3E941B673 /* SegmentedPagesExample.swift */ = {isa = PBXFileReference; lastKnownFileType = sourcecode.swift; path = SegmentedPagesExample.swift; sourceTree = "<group>"; };
		D5444D56D7A6518BA9853972 /* EnumPickerExample.swift */ = {isa = PBXFileReference; lastKnownFileType = sourcecode.swift; path = EnumPickerExample.swift; sourceTree = "<group>"; };
		DAE7925528F006F31D46E13D /* SceneDelegate.swift */ = {isa = PBXFileReference; lastKnownFileType = sourcecode.swift; path = SceneDelegate.swift; sourceTree = "<group>"; };
		DCF0C096C918EDB6AC60C91E /* PhotoGridExample.swift */ = {isa = PBXFileReference; lastKnownFileType = sourcecode.swift; path = PhotoGridExample.swift; sourceTree = "<group>"; };
		DEFFCC15438B36A4294562E6 /* CardPanelExample.swift */ = {isa = PBXFileReference; lastKnownFileType = sourcecode.swift; path = CardPanelExample.swift; sourceTree = "<group>"; };
		E9B4BFDF79F516316CE8D1C0 /* ActionSheetExample.swift */ = {isa = PBXFileReference; lastKnownFileType = sourcecode.swift; path = ActionSheetExample.swift; sourceTree = "<group>"; };
		ED29ED929C94E4A41551876A /* BadgesExample.swift */ = {isa = PBXFileReference; lastKnownFileType = sourcecode.swift; path = BadgesExample.swift; sourceTree = "<group>"; };
		EFD4AC480AC7013D263B9E95 /* PageIndicatorExample.swift */ = {isa = PBXFileReference; lastKnownFileType = sourcecode.swift; path = PageIndicatorExample.swift; sourceTree = "<group>"; };
		F062741D980A5749A057A10B /* ButtonsExample.swift */ = {isa = PBXFileReference; lastKnownFileType = sourcecode.swift; path = ButtonsExample.swift; sourceTree = "<group>"; };
		F1D6D6C6C0A5813628B3F851 /* KeyboardDismissExample.swift */ = {isa = PBXFileReference; lastKnownFileType = sourcecode.swift; path = KeyboardDismissExample.swift; sourceTree = "<group>"; };
		F260BC854A51B38683255D65 /* OverscrollFooterExample.swift */ = {isa = PBXFileReference; lastKnownFileType = sourcecode.swift; path = OverscrollFooterExample.swift; sourceTree = "<group>"; };
		F37BAE652CEDBCFFF3A1F7AF /* SegmentedControlExample.swift */ = {isa = PBXFileReference; lastKnownFileType = sourcecode.swift; path = SegmentedControlExample.swift; sourceTree = "<group>"; };
		F49C587FAE89BA2CD1A5AD20 /* DetailViewController.swift */ = {isa = PBXFileReference; lastKnownFileType = sourcecode.swift; path = DetailViewController.swift; sourceTree = "<group>"; };
		F4FEA4A6AC67074774361233 /* Assets.xcassets */ = {isa = PBXFileReference; lastKnownFileType = folder.assetcatalog; path = Assets.xcassets; sourceTree = "<group>"; };
		F845022971944A2A92E557C9 /* TypographyExample.swift */ = {isa = PBXFileReference; lastKnownFileType = sourcecode.swift; path = TypographyExample.swift; sourceTree = "<group>"; };
		F9181174D2D54521920EE56C /* PhotoBrowserExample.swift */ = {isa = PBXFileReference; lastKnownFileType = sourcecode.swift; path = PhotoBrowserExample.swift; sourceTree = "<group>"; };
		FD00085A2EFED06F2BC1AB9E /* ExampleSweepProbes.swift */ = {isa = PBXFileReference; lastKnownFileType = sourcecode.swift; path = ExampleSweepProbes.swift; sourceTree = "<group>"; };
/* End PBXFileReference section */

/* Begin PBXFrameworksBuildPhase section */
		4E70C62F98AE2534C5724870 /* Frameworks */ = {
			isa = PBXFrameworksBuildPhase;
			buildActionMask = 2147483647;
			files = (
				047822D6720CE3A9B3F0D39B /* LumiKitCore in Frameworks */,
				22C56DB952D95C22A4EFA931 /* LumiKitUI in Frameworks */,
				4CDA679C2A9814942035951C /* LumiKitPhoto in Frameworks */,
				A4EFC3AEBFBE25DAC25BC238 /* LumiKitDebug in Frameworks */,
				AF764BD61FDD0E6CC1D83566 /* LumiKitLottie in Frameworks */,
			);
			runOnlyForDeploymentPostprocessing = 0;
		};
/* End PBXFrameworksBuildPhase section */

/* Begin PBXGroup section */
		11734A1BD76B6C3263E3CA80 /* Products */ = {
			isa = PBXGroup;
			children = (
				2B9C75CF348A9670C0B7CEE4 /* LumiKitExample.app */,
			);
			name = Products;
			sourceTree = "<group>";
		};
		3727E7106E9555AE723DEFDE /* Controls */ = {
			isa = PBXGroup;
			children = (
				5A190A1DEE13F79AB9AF032A /* ActionTileExample.swift */,
				F062741D980A5749A057A10B /* ButtonsExample.swift */,
				124196BE93AAE639027BEEE2 /* ButtonToggleExample.swift */,
				59F3289FD12C58B870584572 /* CheckboxRatingExample.swift */,
				36095F38827D121CBC436B3D /* FloatingButtonExample.swift */,
				B9CB8FD3E04530697699A707 /* PhotoButtonCopyableLabelExample.swift */,
				F37BAE652CEDBCFFF3A1F7AF /* SegmentedControlExample.swift */,
				19CCF9F7A8D5A7D8CEC8737E /* SliderExample.swift */,
				17E7694091FF9EE701354BD7 /* SwitchExample.swift */,
			);
			path = Controls;
			sourceTree = "<group>";
		};
		392B8A3F174A27E27B575B04 = {
			isa = PBXGroup;
			children = (
				B4AD513BF5881447E499F0C6 /* Packages */,
				7A93CAB069EB0353EAEAC502 /* Resources */,
				C0CA27369E548F87F01ACF25 /* Sources */,
				11734A1BD76B6C3263E3CA80 /* Products */,
			);
			sourceTree = "<group>";
		};
		3A5E87CD7B52AFA10062CC21 /* Navigation */ = {
			isa = PBXGroup;
			children = (
				48BE980555CF67F50F747A81 /* CardPageExample.swift */,
				16EB4138A56B2E004A93A1E7 /* InspectorExample.swift */,
				13937BE9CF3230F7AC59ECF6 /* MenusExample.swift */,
				02CDAD99F9F5BCABB8C8A8F7 /* NavigationBarExample.swift */,
				895E2D556014AD52CF32CDBF /* NavigationControllerExample.swift */,
				D44578D1C33C91A3E941B673 /* SegmentedPagesExample.swift */,
				3469DCFC5DD9066D2E9E3097 /* TabBarExample.swift */,
			);
			path = Navigation;
			sourceTree = "<group>";
		};
		3BF6383421FABB9F63420E0C /* Catalog */ = {
			isa = PBXGroup;
			children = (
				F49C587FAE89BA2CD1A5AD20 /* DetailViewController.swift */,
				05CFB4061E5C8BAC2669CC5C /* ExampleCatalog.swift */,
				13D9D0222B3651FEEA67B01A /* ExampleSelfSizingTableView.swift */,
				9B50227ABA29034C8561A94D /* ExampleViewController.swift */,
			);
			path = Catalog;
			sourceTree = "<group>";
		};
		4CBA419B28B4E854A38FA535 /* Labels */ = {
			isa = PBXGroup;
			children = (
				ED29ED929C94E4A41551876A /* BadgesExample.swift */,
				88DAB8E318EBC2E5F2E18B5A /* ChipsExample.swift */,
				B21C96C14843B25E29792FB8 /* DividerExample.swift */,
				55AC509BC86A1DD4110A06F7 /* FilterChipBarExample.swift */,
				AEB9F2532DC1D036B0194A12 /* MarkdownExample.swift */,
				EFD4AC480AC7013D263B9E95 /* PageIndicatorExample.swift */,
			);
			path = Labels;
			sourceTree = "<group>";
		};
		6508230DF9FCDEDCDAFC0CB4 /* Examples */ = {
			isa = PBXGroup;
			children = (
				CA3868597AA88A87C8D72E7D /* CardsAndLists */,
				3727E7106E9555AE723DEFDE /* Controls */,
				FE55CC5B098252B448E0CDA3 /* Dates */,
				A3378B5471EC86A8E82E5464 /* Debug */,
				CEC9AA0B35F2657F4DBFB94C /* Feedback */,
				8C99A15CFD7109652AE09D0C /* Forms */,
				FAF722EC9D16114B25E5BC38 /* Foundations */,
				4CBA419B28B4E854A38FA535 /* Labels */,
				E8374B47FFAF2A029BFC0F1A /* Media */,
				3A5E87CD7B52AFA10062CC21 /* Navigation */,
				9C9C58C1FB72F22240E519BC /* Sheets */,
				E858FD32B84DF419BBCEFB14 /* Utilities */,
			);
			path = Examples;
			sourceTree = "<group>";
		};
		7A93CAB069EB0353EAEAC502 /* Resources */ = {
			isa = PBXGroup;
			children = (
				F4FEA4A6AC67074774361233 /* Assets.xcassets */,
			);
			path = Resources;
			sourceTree = "<group>";
		};
		8C99A15CFD7109652AE09D0C /* Forms */ = {
			isa = PBXGroup;
			children = (
				B1C106CFBCFFDF6922FBC351 /* FormScaffoldExample.swift */,
				F1D6D6C6C0A5813628B3F851 /* KeyboardDismissExample.swift */,
				3394B7EF83F4F09B63903239 /* ReadableWidthExample.swift */,
				AB4FFFE55089BD144420AEED /* SearchBarExample.swift */,
				0528E1E671E59F4E172BC082 /* TextFieldExample.swift */,
				CFBCAFA23DB450BB379BE1E8 /* TextViewExample.swift */,
			);
			path = Forms;
			sourceTree = "<group>";
		};
		9C9C58C1FB72F22240E519BC /* Sheets */ = {
			isa = PBXGroup;
			children = (
				E9B4BFDF79F516316CE8D1C0 /* ActionSheetExample.swift */,
				816C1351EA0DAD71AB1EB229 /* BottomSheetExample.swift */,
				DEFFCC15438B36A4294562E6 /* CardPanelExample.swift */,
				D5444D56D7A6518BA9853972 /* EnumPickerExample.swift */,
			);
			path = Sheets;
			sourceTree = "<group>";
		};
		A3378B5471EC86A8E82E5464 /* Debug */ = {
			isa = PBXGroup;
			children = (
				B7EBD33EC69029F5653CC1B6 /* NetworkHistoryExample.swift */,
			);
			path = Debug;
			sourceTree = "<group>";
		};
		B4AD513BF5881447E499F0C6 /* Packages */ = {
			isa = PBXGroup;
			children = (
				0C01ADD96E8B682AB888384E /* LumiKit */,
			);
			name = Packages;
			sourceTree = "<group>";
		};
		C0CA27369E548F87F01ACF25 /* Sources */ = {
			isa = PBXGroup;
			children = (
				D10E97B18A6D86A628994B02 /* App */,
				3BF6383421FABB9F63420E0C /* Catalog */,
				6508230DF9FCDEDCDAFC0CB4 /* Examples */,
			);
			path = Sources;
			sourceTree = "<group>";
		};
		CA3868597AA88A87C8D72E7D /* CardsAndLists */ = {
			isa = PBXGroup;
			children = (
				54F2FA870896BC367C0E7589 /* CardsExample.swift */,
				00DB72D6DC6AF2AE54849E7C /* CheckboxCellExample.swift */,
				204F1A05D1AFF859E357B50C /* DetailCardsExample.swift */,
				9E432F08774E14D6C246EAD3 /* HighlightExample.swift */,
				0EE4E9B93D796135016DBF04 /* ListRowExample.swift */,
				F260BC854A51B38683255D65 /* OverscrollFooterExample.swift */,
			);
			path = CardsAndLists;
			sourceTree = "<group>";
		};
		CEC9AA0B35F2657F4DBFB94C /* Feedback */ = {
			isa = PBXGroup;
			children = (
				7C626180AAB248572A94AE37 /* AlertsExample.swift */,
				BC3D3234FF507C1C0B4E82D1 /* BannerExample.swift */,
				02A879BD9F1C31556C253BCD /* EmptyStateExample.swift */,
				746F36EDE3584F3FEB1A88AE /* HapticsExample.swift */,
				8CD8153517C1B7FF33B2F208 /* LoadingStateExample.swift */,
				21A598445434168C83367012 /* ProgressExample.swift */,
				80408C20809A4BF5FEC3E724 /* RefreshControlExample.swift */,
				56BD2603827601A17F91A8A9 /* TipViewExample.swift */,
				5F1F3B7E801001EDC12BACFC /* ToastExample.swift */,
			);
			path = Feedback;
			sourceTree = "<group>";
		};
		D10E97B18A6D86A628994B02 /* App */ = {
			isa = PBXGroup;
			children = (
				1035AED8A1327983D40EA2F6 /* AppDelegate.swift */,
				5A97FFA9B861948008EB12C4 /* ExampleAccessibilityAudit.swift */,
				0F7F37CFA444807A545F79C0 /* ExampleLaunchOptions.swift */,
				FD00085A2EFED06F2BC1AB9E /* ExampleSweepProbes.swift */,
				55A1E675E37A0C65194E82F5 /* ExampleSweepRunner.swift */,
				2E83041427958D614AB1C07D /* ExampleTheme.swift */,
				DAE7925528F006F31D46E13D /* SceneDelegate.swift */,
			);
			path = App;
			sourceTree = "<group>";
		};
		E8374B47FFAF2A029BFC0F1A /* Media */ = {
			isa = PBXGroup;
			children = (
				A77CE100E3D5039A9061B83A /* DominantColorExample.swift */,
				B097C62062EE754A597BCC53 /* ImageUtilitiesExample.swift */,
				F9181174D2D54521920EE56C /* PhotoBrowserExample.swift */,
				5F78A887D8699A97FEFAD9ED /* PhotoCropExample.swift */,
				DCF0C096C918EDB6AC60C91E /* PhotoGridExample.swift */,
				531FF0DBD93E9EA01280D1AF /* PickCropExample.swift */,
				41B6D70320AC8C4B106226A1 /* QRCodeExample.swift */,
				2E5762FD07D5AD709CD18012 /* ShareExample.swift */,
			);
			path = Media;
			sourceTree = "<group>";
		};
		E858FD32B84DF419BBCEFB14 /* Utilities */ = {
			isa = PBXGroup;
			children = (
				330B6FB19C2616C63E297548 /* FadeExample.swift */,
				9A39D33D32270C4FE92DFFE5 /* UIColorExample.swift */,
			);
			path = Utilities;
			sourceTree = "<group>";
		};
		FAF722EC9D16114B25E5BC38 /* Foundations */ = {
			isa = PBXGroup;
			children = (
				6914AA25965C21D62F83962B /* BorderExample.swift */,
				13F4DAB8C7D0F9A91CF407AB /* ColorsExample.swift */,
				43E74F9E46083AD129057164 /* DeviceDisplayExample.swift */,
				7BB869A3128EA815CC8C5165 /* GlassExample.swift */,
				569C2FD97680688AA9558B48 /* GradientExample.swift */,
				66CE4DA7EF66EC7976A1F97E /* ShadowExample.swift */,
				1F881DEDD6852E8807DF1575 /* ThemeSwitcherExample.swift */,
				F845022971944A2A92E557C9 /* TypographyExample.swift */,
			);
			path = Foundations;
			sourceTree = "<group>";
		};
		FE55CC5B098252B448E0CDA3 /* Dates */ = {
			isa = PBXGroup;
			children = (
				94B406D89C36A21EF3BF35D9 /* DateFormattingExample.swift */,
				8988C81D3F580065FD86E857 /* DatePickerExample.swift */,
				8EE00705CDC3AA1C88AC3BBF /* MonthCalendarExample.swift */,
			);
			path = Dates;
			sourceTree = "<group>";
		};
/* End PBXGroup section */

/* Begin PBXNativeTarget section */
		2303962F14E0367E72FA8BE9 /* LumiKitExample */ = {
			isa = PBXNativeTarget;
			buildConfigurationList = 83F824A0C8A22297D425DEB4 /* Build configuration list for PBXNativeTarget "LumiKitExample" */;
			buildPhases = (
				814441829470767CAEC80E8B /* Sources */,
				458C246613C28FE01AADE3E3 /* Resources */,
				4E70C62F98AE2534C5724870 /* Frameworks */,
			);
			buildRules = (
			);
			dependencies = (
			);
			name = LumiKitExample;
			packageProductDependencies = (
				0734FD4EE7A0A0B9E60447E6 /* LumiKitCore */,
				2F68DA943A7AC838DB04D706 /* LumiKitUI */,
				A1DEB29B422064DFE99D3E9D /* LumiKitPhoto */,
				59CFC77C4E33F266FA3913A2 /* LumiKitDebug */,
				3A5DB31C1485882D984D3686 /* LumiKitLottie */,
			);
			productName = LumiKitExample;
			productReference = 2B9C75CF348A9670C0B7CEE4 /* LumiKitExample.app */;
			productType = "com.apple.product-type.application";
		};
/* End PBXNativeTarget section */

/* Begin PBXProject section */
		EF194F217C1AA1182ED886C7 /* Project object */ = {
			isa = PBXProject;
			attributes = {
				BuildIndependentTargetsInParallel = YES;
				LastUpgradeCheck = 2600;
				TargetAttributes = {
					2303962F14E0367E72FA8BE9 = {
						ProvisioningStyle = Automatic;
					};
				};
			};
			buildConfigurationList = 0A34966C09DBE8E5CC385B2D /* Build configuration list for PBXProject "LumiKitExample" */;
			developmentRegion = en;
			hasScannedForEncodings = 0;
			knownRegions = (
				Base,
				en,
			);
			mainGroup = 392B8A3F174A27E27B575B04;
			minimizedProjectReferenceProxies = 1;
			packageReferences = (
				3AE574CC1CCC09617706D3D7 /* XCLocalSwiftPackageReference ".." */,
			);
			preferredProjectObjectVersion = 77;
			productRefGroup = 11734A1BD76B6C3263E3CA80 /* Products */;
			projectDirPath = "";
			projectRoot = "";
			targets = (
				2303962F14E0367E72FA8BE9 /* LumiKitExample */,
			);
		};
/* End PBXProject section */

/* Begin PBXResourcesBuildPhase section */
		458C246613C28FE01AADE3E3 /* Resources */ = {
			isa = PBXResourcesBuildPhase;
			buildActionMask = 2147483647;
			files = (
				BB50C3AFE3CFDD56E1F010C4 /* Assets.xcassets in Resources */,
			);
			runOnlyForDeploymentPostprocessing = 0;
		};
/* End PBXResourcesBuildPhase section */

/* Begin PBXSourcesBuildPhase section */
		814441829470767CAEC80E8B /* Sources */ = {
			isa = PBXSourcesBuildPhase;
			buildActionMask = 2147483647;
			files = (
				FD8E4E4B7466DE36FCE1B983 /* ActionSheetExample.swift in Sources */,
				0636956E679EC58792D027E0 /* ActionTileExample.swift in Sources */,
				CFF6C710FFCC039078738113 /* AlertsExample.swift in Sources */,
				880C1D37E2AFFDA4D4F2E174 /* AppDelegate.swift in Sources */,
				F40950500406FD514B3F1A40 /* BadgesExample.swift in Sources */,
				C968051FC1426C713375EC1A /* BannerExample.swift in Sources */,
				A25E1C12D8EA3DE5CDF9D566 /* BorderExample.swift in Sources */,
				DDB0B41B523A3FAF272DC91C /* BottomSheetExample.swift in Sources */,
				6E4D31CFE78CBFFE3AAEDA62 /* ButtonToggleExample.swift in Sources */,
				F9AAC4CBB7EEA57E0169D368 /* ButtonsExample.swift in Sources */,
				A2741F7FFA6687E88D9F7CA7 /* CardPageExample.swift in Sources */,
				2C0494AA545B113364E5E57C /* CardPanelExample.swift in Sources */,
				CF5A6E1D6FCBB3A7F4C50408 /* CardsExample.swift in Sources */,
				DFBC9B3DCAB11FA83CA825B7 /* CheckboxCellExample.swift in Sources */,
				554531DDC48256D9293F2448 /* CheckboxRatingExample.swift in Sources */,
				F13BC1EAAC960D19CB4EEBFE /* ChipsExample.swift in Sources */,
				8D8E269995CCBE3CD3144333 /* ColorsExample.swift in Sources */,
				A9B7FFB465ADD411C32BA792 /* DateFormattingExample.swift in Sources */,
				6CEDF2F38946A335378A9F59 /* DatePickerExample.swift in Sources */,
				A74A67E677F7E52B0926BA4F /* DetailCardsExample.swift in Sources */,
				2BF2259AC5DC25989F472BF6 /* DetailViewController.swift in Sources */,
				1DA02EC5CDF459D6CD14B540 /* DeviceDisplayExample.swift in Sources */,
				D0802A131CD1493BCB9F618C /* DividerExample.swift in Sources */,
				8F00B1F8FBAE6A036C6A062A /* DominantColorExample.swift in Sources */,
				9868A261D62C1F517D8C872B /* EmptyStateExample.swift in Sources */,
				0BBD4E92093D791080672A25 /* EnumPickerExample.swift in Sources */,
				65B4FCFE009B9938753DB34D /* ExampleAccessibilityAudit.swift in Sources */,
				BA5568C79CE5454D35676F92 /* ExampleCatalog.swift in Sources */,
				97D5ECD4A034B62FA9335F5E /* ExampleLaunchOptions.swift in Sources */,
				C581FA397C67DA202696B394 /* ExampleSelfSizingTableView.swift in Sources */,
				D7AB5CA2719F8A71AC6B4BEA /* ExampleSweepProbes.swift in Sources */,
				E417D638D3188C57F0BBD5BA /* ExampleSweepRunner.swift in Sources */,
				AED0CBCF06783C5BBCDD4F67 /* ExampleTheme.swift in Sources */,
				21FADE7A431E99C689E22BCD /* ExampleViewController.swift in Sources */,
				098008214180E46BBD4C12ED /* FadeExample.swift in Sources */,
				A943E70DDEF52A71C763178D /* FilterChipBarExample.swift in Sources */,
				AE1879706BC226803F4B0D61 /* FloatingButtonExample.swift in Sources */,
				E867A154492A06776077B045 /* FormScaffoldExample.swift in Sources */,
				A1759DA384CF708FA587B4B1 /* GlassExample.swift in Sources */,
				A3F57BD0FD2C2792F04D690B /* GradientExample.swift in Sources */,
				6D4C2DC0E33680CFC2B030EE /* HapticsExample.swift in Sources */,
				72FB6B57229401E25992DF43 /* HighlightExample.swift in Sources */,
				799480E026381D6DBEF8BB02 /* ImageUtilitiesExample.swift in Sources */,
				BF4632A7F1E3FD553C5E9EC2 /* InspectorExample.swift in Sources */,
				27C95E01A063C1DB71F01A66 /* KeyboardDismissExample.swift in Sources */,
				C452F40930C32A87BE5E027C /* ListRowExample.swift in Sources */,
				E8727C3CC28E997E51B377EB /* LoadingStateExample.swift in Sources */,
				D0FC86541279ABB3EA0B8000 /* MarkdownExample.swift in Sources */,
				C1829D3CA2FEBF113D356C17 /* MenusExample.swift in Sources */,
				38385A0FB4B6A2E52F293577 /* MonthCalendarExample.swift in Sources */,
				C490F1DA7154D4ABDDACACA2 /* NavigationBarExample.swift in Sources */,
				7A4157319AF27CCDC5F677DD /* NavigationControllerExample.swift in Sources */,
				772FF8C27BCDAB5F98A70EC4 /* NetworkHistoryExample.swift in Sources */,
				59417E8E774B88343CD0BC12 /* OverscrollFooterExample.swift in Sources */,
				042B408062CD8FD467D098E0 /* PageIndicatorExample.swift in Sources */,
				9C8DBF69C5F0854003599522 /* PhotoBrowserExample.swift in Sources */,
				0AE55C95C5092BCAFBF5B8CE /* PhotoButtonCopyableLabelExample.swift in Sources */,
				420EF6027B1D2DCA1EF2D726 /* PhotoCropExample.swift in Sources */,
				801B0127CFE02AA1BFEEABC2 /* PhotoGridExample.swift in Sources */,
				508A9B0554A46F1985BFF767 /* PickCropExample.swift in Sources */,
				1B4E8B4A3D5B8C0D87B50FB0 /* ProgressExample.swift in Sources */,
				721C8BE94FC64C79378BEFB3 /* QRCodeExample.swift in Sources */,
				8C84C02A5AA9423530D55D69 /* ReadableWidthExample.swift in Sources */,
				806DD15F94CE145714A03AF4 /* RefreshControlExample.swift in Sources */,
				4260186F009492452AC405F5 /* SceneDelegate.swift in Sources */,
				3632A5EC110F1D27D559F6B9 /* SearchBarExample.swift in Sources */,
				862DF1FF726073B7A8247233 /* SegmentedControlExample.swift in Sources */,
				D6E575A13179E209B3FE6C0E /* SegmentedPagesExample.swift in Sources */,
				D8A1C12278E82F96330138D6 /* ShadowExample.swift in Sources */,
				9E26C9C5E10A687E32753ED7 /* ShareExample.swift in Sources */,
				A2FF711ECC5F404CAA663B56 /* SliderExample.swift in Sources */,
				A7E7C0EB6C4558B0735DEA15 /* SwitchExample.swift in Sources */,
				7740A32BA2C153BABDF0EECC /* TabBarExample.swift in Sources */,
				B0B21FA36E5D41AACC1B4B34 /* TextFieldExample.swift in Sources */,
				1965DCD9EC56016DB57C901D /* TextViewExample.swift in Sources */,
				D91E40EC89F877818AD6EEB1 /* ThemeSwitcherExample.swift in Sources */,
				B81B4730DC5DBB752ECEB6FE /* TipViewExample.swift in Sources */,
				D42458EE019F6742BB1E8058 /* ToastExample.swift in Sources */,
				640FE6428684B2C78FFDB3A2 /* TypographyExample.swift in Sources */,
				2C30F61CD61AA95EA8543D19 /* UIColorExample.swift in Sources */,
			);
			runOnlyForDeploymentPostprocessing = 0;
		};
/* End PBXSourcesBuildPhase section */

/* Begin XCBuildConfiguration section */
		04258C46B25B98913DDD37D7 /* Debug */ = {
			isa = XCBuildConfiguration;
			buildSettings = {
				ALWAYS_SEARCH_USER_PATHS = NO;
				CLANG_ANALYZER_NONNULL = YES;
				CLANG_ANALYZER_NUMBER_OBJECT_CONVERSION = YES_AGGRESSIVE;
				CLANG_CXX_LANGUAGE_STANDARD = "gnu++14";
				CLANG_CXX_LIBRARY = "libc++";
				CLANG_ENABLE_MODULES = YES;
				CLANG_ENABLE_OBJC_ARC = YES;
				CLANG_ENABLE_OBJC_WEAK = YES;
				CLANG_WARN_BLOCK_CAPTURE_AUTORELEASING = YES;
				CLANG_WARN_BOOL_CONVERSION = YES;
				CLANG_WARN_COMMA = YES;
				CLANG_WARN_CONSTANT_CONVERSION = YES;
				CLANG_WARN_DEPRECATED_OBJC_IMPLEMENTATIONS = YES;
				CLANG_WARN_DIRECT_OBJC_ISA_USAGE = YES_ERROR;
				CLANG_WARN_DOCUMENTATION_COMMENTS = YES;
				CLANG_WARN_EMPTY_BODY = YES;
				CLANG_WARN_ENUM_CONVERSION = YES;
				CLANG_WARN_INFINITE_RECURSION = YES;
				CLANG_WARN_INT_CONVERSION = YES;
				CLANG_WARN_NON_LITERAL_NULL_CONVERSION = YES;
				CLANG_WARN_OBJC_IMPLICIT_RETAIN_SELF = YES;
				CLANG_WARN_OBJC_LITERAL_CONVERSION = YES;
				CLANG_WARN_OBJC_ROOT_CLASS = YES_ERROR;
				CLANG_WARN_QUOTED_INCLUDE_IN_FRAMEWORK_HEADER = YES;
				CLANG_WARN_RANGE_LOOP_ANALYSIS = YES;
				CLANG_WARN_STRICT_PROTOTYPES = YES;
				CLANG_WARN_SUSPICIOUS_MOVE = YES;
				CLANG_WARN_UNGUARDED_AVAILABILITY = YES_AGGRESSIVE;
				CLANG_WARN_UNREACHABLE_CODE = YES;
				CLANG_WARN__DUPLICATE_METHOD_MATCH = YES;
				COPY_PHASE_STRIP = NO;
				DEBUG_INFORMATION_FORMAT = dwarf;
				ENABLE_STRICT_OBJC_MSGSEND = YES;
				ENABLE_TESTABILITY = YES;
				GCC_C_LANGUAGE_STANDARD = gnu11;
				GCC_DYNAMIC_NO_PIC = NO;
				GCC_NO_COMMON_BLOCKS = YES;
				GCC_OPTIMIZATION_LEVEL = 0;
				GCC_PREPROCESSOR_DEFINITIONS = (
					"$(inherited)",
					"DEBUG=1",
				);
				GCC_WARN_64_TO_32_BIT_CONVERSION = YES;
				GCC_WARN_ABOUT_RETURN_TYPE = YES_ERROR;
				GCC_WARN_UNDECLARED_SELECTOR = YES;
				GCC_WARN_UNINITIALIZED_AUTOS = YES_AGGRESSIVE;
				GCC_WARN_UNUSED_FUNCTION = YES;
				GCC_WARN_UNUSED_VARIABLE = YES;
				IPHONEOS_DEPLOYMENT_TARGET = 18.0;
				MTL_ENABLE_DEBUG_INFO = INCLUDE_SOURCE;
				MTL_FAST_MATH = YES;
				ONLY_ACTIVE_ARCH = YES;
				PRODUCT_NAME = "$(TARGET_NAME)";
				SDKROOT = auto;
				SWIFT_ACTIVE_COMPILATION_CONDITIONS = DEBUG;
				SWIFT_OPTIMIZATION_LEVEL = "-Onone";
				SWIFT_VERSION = 5.0;
			};
			name = Debug;
		};
		434F0A6D42176363DCC3837A /* Release */ = {
			isa = XCBuildConfiguration;
			buildSettings = {
				ALWAYS_SEARCH_USER_PATHS = NO;
				CLANG_ANALYZER_NONNULL = YES;
				CLANG_ANALYZER_NUMBER_OBJECT_CONVERSION = YES_AGGRESSIVE;
				CLANG_CXX_LANGUAGE_STANDARD = "gnu++14";
				CLANG_CXX_LIBRARY = "libc++";
				CLANG_ENABLE_MODULES = YES;
				CLANG_ENABLE_OBJC_ARC = YES;
				CLANG_ENABLE_OBJC_WEAK = YES;
				CLANG_WARN_BLOCK_CAPTURE_AUTORELEASING = YES;
				CLANG_WARN_BOOL_CONVERSION = YES;
				CLANG_WARN_COMMA = YES;
				CLANG_WARN_CONSTANT_CONVERSION = YES;
				CLANG_WARN_DEPRECATED_OBJC_IMPLEMENTATIONS = YES;
				CLANG_WARN_DIRECT_OBJC_ISA_USAGE = YES_ERROR;
				CLANG_WARN_DOCUMENTATION_COMMENTS = YES;
				CLANG_WARN_EMPTY_BODY = YES;
				CLANG_WARN_ENUM_CONVERSION = YES;
				CLANG_WARN_INFINITE_RECURSION = YES;
				CLANG_WARN_INT_CONVERSION = YES;
				CLANG_WARN_NON_LITERAL_NULL_CONVERSION = YES;
				CLANG_WARN_OBJC_IMPLICIT_RETAIN_SELF = YES;
				CLANG_WARN_OBJC_LITERAL_CONVERSION = YES;
				CLANG_WARN_OBJC_ROOT_CLASS = YES_ERROR;
				CLANG_WARN_QUOTED_INCLUDE_IN_FRAMEWORK_HEADER = YES;
				CLANG_WARN_RANGE_LOOP_ANALYSIS = YES;
				CLANG_WARN_STRICT_PROTOTYPES = YES;
				CLANG_WARN_SUSPICIOUS_MOVE = YES;
				CLANG_WARN_UNGUARDED_AVAILABILITY = YES_AGGRESSIVE;
				CLANG_WARN_UNREACHABLE_CODE = YES;
				CLANG_WARN__DUPLICATE_METHOD_MATCH = YES;
				COPY_PHASE_STRIP = NO;
				DEBUG_INFORMATION_FORMAT = "dwarf-with-dsym";
				ENABLE_NS_ASSERTIONS = NO;
				ENABLE_STRICT_OBJC_MSGSEND = YES;
				GCC_C_LANGUAGE_STANDARD = gnu11;
				GCC_NO_COMMON_BLOCKS = YES;
				GCC_WARN_64_TO_32_BIT_CONVERSION = YES;
				GCC_WARN_ABOUT_RETURN_TYPE = YES_ERROR;
				GCC_WARN_UNDECLARED_SELECTOR = YES;
				GCC_WARN_UNINITIALIZED_AUTOS = YES_AGGRESSIVE;
				GCC_WARN_UNUSED_FUNCTION = YES;
				GCC_WARN_UNUSED_VARIABLE = YES;
				IPHONEOS_DEPLOYMENT_TARGET = 18.0;
				MTL_ENABLE_DEBUG_INFO = NO;
				MTL_FAST_MATH = YES;
				PRODUCT_NAME = "$(TARGET_NAME)";
				SDKROOT = auto;
				SWIFT_COMPILATION_MODE = wholemodule;
				SWIFT_OPTIMIZATION_LEVEL = "-O";
				SWIFT_VERSION = 5.0;
			};
			name = Release;
		};
		9EE43DD7547ADA0CFAE2A1A2 /* Release */ = {
			isa = XCBuildConfiguration;
			buildSettings = {
				ASSETCATALOG_COMPILER_APPICON_NAME = AppIcon;
				CODE_SIGN_IDENTITY = "iPhone Developer";
				CODE_SIGN_STYLE = Automatic;
				CURRENT_PROJECT_VERSION = 1;
				DEVELOPMENT_TEAM = "";
				GENERATE_INFOPLIST_FILE = YES;
				INFOPLIST_KEY_NSPhotoLibraryAddUsageDescription = "Save photos from the share preview to your photo library.";
				INFOPLIST_KEY_UIApplicationSceneManifest_Generation = YES;
				INFOPLIST_KEY_UIApplicationSupportsIndirectInputEvents = YES;
				INFOPLIST_KEY_UILaunchScreen_Generation = YES;
				INFOPLIST_KEY_UISupportedInterfaceOrientations_iPad = "UIInterfaceOrientationPortrait UIInterfaceOrientationPortraitUpsideDown UIInterfaceOrientationLandscapeLeft UIInterfaceOrientationLandscapeRight";
				INFOPLIST_KEY_UISupportedInterfaceOrientations_iPhone = "UIInterfaceOrientationPortrait UIInterfaceOrientationLandscapeLeft UIInterfaceOrientationLandscapeRight";
				LD_RUNPATH_SEARCH_PATHS = (
					"$(inherited)",
					"@executable_path/Frameworks",
				);
				MARKETING_VERSION = 1.0.0;
				PRODUCT_BUNDLE_IDENTIFIER = com.luminoid.lumikit.example;
				SDKROOT = auto;
				SUPPORTED_PLATFORMS = "iphoneos iphonesimulator";
				SUPPORTS_MACCATALYST = YES;
				SUPPORTS_MAC_DESIGNED_FOR_IPHONE_IPAD = NO;
				SUPPORTS_XR_DESIGNED_FOR_IPHONE_IPAD = YES;
				SWIFT_VERSION = 6.2;
				TARGETED_DEVICE_FAMILY = "1,2,6";
			};
			name = Release;
		};
		CA5B34B08DF712CCF4EBFCF1 /* Debug */ = {
			isa = XCBuildConfiguration;
			buildSettings = {
				ASSETCATALOG_COMPILER_APPICON_NAME = AppIcon;
				CODE_SIGN_IDENTITY = "iPhone Developer";
				CODE_SIGN_STYLE = Automatic;
				CURRENT_PROJECT_VERSION = 1;
				DEVELOPMENT_TEAM = "";
				GENERATE_INFOPLIST_FILE = YES;
				INFOPLIST_KEY_NSPhotoLibraryAddUsageDescription = "Save photos from the share preview to your photo library.";
				INFOPLIST_KEY_UIApplicationSceneManifest_Generation = YES;
				INFOPLIST_KEY_UIApplicationSupportsIndirectInputEvents = YES;
				INFOPLIST_KEY_UILaunchScreen_Generation = YES;
				INFOPLIST_KEY_UISupportedInterfaceOrientations_iPad = "UIInterfaceOrientationPortrait UIInterfaceOrientationPortraitUpsideDown UIInterfaceOrientationLandscapeLeft UIInterfaceOrientationLandscapeRight";
				INFOPLIST_KEY_UISupportedInterfaceOrientations_iPhone = "UIInterfaceOrientationPortrait UIInterfaceOrientationLandscapeLeft UIInterfaceOrientationLandscapeRight";
				LD_RUNPATH_SEARCH_PATHS = (
					"$(inherited)",
					"@executable_path/Frameworks",
				);
				MARKETING_VERSION = 1.0.0;
				PRODUCT_BUNDLE_IDENTIFIER = com.luminoid.lumikit.example;
				SDKROOT = auto;
				SUPPORTED_PLATFORMS = "iphoneos iphonesimulator";
				SUPPORTS_MACCATALYST = YES;
				SUPPORTS_MAC_DESIGNED_FOR_IPHONE_IPAD = NO;
				SUPPORTS_XR_DESIGNED_FOR_IPHONE_IPAD = YES;
				SWIFT_ACTIVE_COMPILATION_CONDITIONS = DEBUG;
				SWIFT_VERSION = 6.2;
				TARGETED_DEVICE_FAMILY = "1,2,6";
			};
			name = Debug;
		};
/* End XCBuildConfiguration section */

/* Begin XCConfigurationList section */
		0A34966C09DBE8E5CC385B2D /* Build configuration list for PBXProject "LumiKitExample" */ = {
			isa = XCConfigurationList;
			buildConfigurations = (
				04258C46B25B98913DDD37D7 /* Debug */,
				434F0A6D42176363DCC3837A /* Release */,
			);
			defaultConfigurationIsVisible = 0;
			defaultConfigurationName = Debug;
		};
		83F824A0C8A22297D425DEB4 /* Build configuration list for PBXNativeTarget "LumiKitExample" */ = {
			isa = XCConfigurationList;
			buildConfigurations = (
				CA5B34B08DF712CCF4EBFCF1 /* Debug */,
				9EE43DD7547ADA0CFAE2A1A2 /* Release */,
			);
			defaultConfigurationIsVisible = 0;
			defaultConfigurationName = Debug;
		};
/* End XCConfigurationList section */

/* Begin XCLocalSwiftPackageReference section */
		3AE574CC1CCC09617706D3D7 /* XCLocalSwiftPackageReference ".." */ = {
			isa = XCLocalSwiftPackageReference;
			relativePath = ..;
		};
/* End XCLocalSwiftPackageReference section */

/* Begin XCSwiftPackageProductDependency section */
		0734FD4EE7A0A0B9E60447E6 /* LumiKitCore */ = {
			isa = XCSwiftPackageProductDependency;
			productName = LumiKitCore;
		};
		2F68DA943A7AC838DB04D706 /* LumiKitUI */ = {
			isa = XCSwiftPackageProductDependency;
			productName = LumiKitUI;
		};
		3A5DB31C1485882D984D3686 /* LumiKitLottie */ = {
			isa = XCSwiftPackageProductDependency;
			productName = LumiKitLottie;
		};
		59CFC77C4E33F266FA3913A2 /* LumiKitDebug */ = {
			isa = XCSwiftPackageProductDependency;
			productName = LumiKitDebug;
		};
		A1DEB29B422064DFE99D3E9D /* LumiKitPhoto */ = {
			isa = XCSwiftPackageProductDependency;
			productName = LumiKitPhoto;
		};
/* End XCSwiftPackageProductDependency section */
	};
	rootObject = EF194F217C1AA1182ED886C7 /* Project object */;
}
